
Microsoft Visual Studio Solution File, Format Version 12.00
# Visual Studio Version 17
VisualStudioVersion = 17.3.32804.467
MinimumVisualStudioVersion = 10.0.40219.1
Project("{2150E333-8FDC-42A3-9474-1A3956D46DE8}") = "src", "src", "{84918B45-26CB-41AD-866E-73303DE78F4F}"
EndProject
Project("{2150E333-8FDC-42A3-9474-1A3956D46DE8}") = "Solution Items", "Solution Items", "{B80CFC87-59C9-4542-BF91-CFD6CA04F764}"
	ProjectSection(SolutionItems) = preProject
		README.md = README.md
	EndProjectSection
EndProject
Project("{FAE04EC0-301F-11D3-BF4B-00C04F79EFBC}") = "AtyBackend.API", "src\AtyBackend.API\AtyBackend.API.csproj", "{D059B7C5-8862-4273-B94E-759673E205A2}"
EndProject
Global
	GlobalSection(SolutionConfigurationPlatforms) = preSolution
		Debug|Any CPU = Debug|Any CPU
		Release|Any CPU = Release|Any CPU
	EndGlobalSection
	GlobalSection(ProjectConfigurationPlatforms) = postSolution
		{D059B7C5-8862-4273-B94E-759673E205A2}.Debug|Any CPU.ActiveCfg = Debug|Any CPU
		{D059B7C5-8862-4273-B94E-759673E205A2}.Debug|Any CPU.Build.0 = Debug|Any CPU
		{D059B7C5-8862-4273-B94E-759673E205A2}.Release|Any CPU.ActiveCfg = Release|Any CPU
		{D059B7C5-8862-4273-B94E-759673E205A2}.Release|Any CPU.Build.0 = Release|Any CPU
	EndGlobalSection
	GlobalSection(SolutionProperties) = preSolution
		HideSolutionNode = FALSE
	EndGlobalSection
	GlobalSection(NestedProjects) = preSolution
		{D059B7C5-8862-4273-B94E-759673E205A2} = {84918B45-26CB-41AD-866E-73303DE78F4F}
	EndGlobalSection
	GlobalSection(ExtensibilityGlobals) = postSolution
		SolutionGuid = {596ECBE3-104E-4BC6-AF4E-5E90FEB1653E}
	EndGlobalSection
EndGlobal
